{
  "name": "stream-manager",
  "version": "1.0.1",
  "lockfileVersion": 3,
  "requires": true,
  "packages": {
    "": {
      "name": "stream-manager",
      "version": "1.0.1",
      "devDependencies": {
        "@types/node": "22.9.3",
        "electron": "31.6.0",
        "typescript": "5.6.3"
      }
    }
  }
}
